
Microsoft Visual Studio Solution File, Format Version 12.00
# Visual Studio 15
VisualStudioVersion = 15.0.27004.2005
MinimumVisualStudioVersion = 10.0.40219.1
Project("{FAE04EC0-301F-11D3-BF4B-00C04F79EFBC}") = "DeepNaiWorkshop_1946", "DeepNaiWorkshop_1946\DeepNaiWorkshop_1946.csproj", "{129A68B3-6637-4F6F-844D-A0D5D3C0B474}"
EndProject
Global
	GlobalSection(SolutionConfigurationPlatforms) = preSolution
		Debug|Any CPU = Debug|Any CPU
		Release|Any CPU = Release|Any CPU
	EndGlobalSection
	GlobalSection(ProjectConfigurationPlatforms) = postSolution
		{129A68B3-6637-4F6F-844D-A0D5D3C0B474}.Debug|Any CPU.ActiveCfg = Debug|Any CPU
		{129A68B3-6637-4F6F-844D-A0D5D3C0B474}.Debug|Any CPU.Build.0 = Debug|Any CPU
		{129A68B3-6637-4F6F-844D-A0D5D3C0B474}.Release|Any CPU.ActiveCfg = Release|Any CPU
		{129A68B3-6637-4F6F-844D-A0D5D3C0B474}.Release|Any CPU.Build.0 = Release|Any CPU
	EndGlobalSection
	GlobalSection(SolutionProperties) = preSolution
		HideSolutionNode = FALSE
	EndGlobalSection
	GlobalSection(ExtensibilityGlobals) = postSolution
		SolutionGuid = {891D1D1D-B7FD-445B-8AA0-8DD4E964D56A}
	EndGlobalSection
EndGlobal
